
Microsoft Visual Studio Solution File, Format Version 12.00
# Visual Studio 15
VisualStudioVersion = 15.0.26730.3
MinimumVisualStudioVersion = 10.0.40219.1
Project("{FAE04EC0-301F-11D3-BF4B-00C04F79EFBC}") = "Reggie.Upward.App", "Reggie.Upward.App\Reggie.Upward.App.csproj", "{97640053-C042-4EB5-83E1-9F4969C0778A}"
EndProject
Project("{FAE04EC0-301F-11D3-BF4B-00C04F79EFBC}") = "Reggie.Utilities", "Reggie.BasicBracket\Reggie.Utilities.csproj", "{CF6FF455-379E-48CC-B5CE-0828A0556407}"
EndProject
Project("{FAE04EC0-301F-11D3-BF4B-00C04F79EFBC}") = "Reggie.Upward.App.Business", "Reggie.Upward.App.Business\Reggie.Upward.App.Business.csproj", "{97FE1F65-71C7-4C86-8AD3-36AF9CE83109}"
EndProject
Global
	GlobalSection(SolutionConfigurationPlatforms) = preSolution
		Debug|Any CPU = Debug|Any CPU
		Release|Any CPU = Release|Any CPU
	EndGlobalSection
	GlobalSection(ProjectConfigurationPlatforms) = postSolution
		{97640053-C042-4EB5-83E1-9F4969C0778A}.Debug|Any CPU.ActiveCfg = Debug|Any CPU
		{97640053-C042-4EB5-83E1-9F4969C0778A}.Debug|Any CPU.Build.0 = Debug|Any CPU
		{97640053-C042-4EB5-83E1-9F4969C0778A}.Release|Any CPU.ActiveCfg = Release|Any CPU
		{97640053-C042-4EB5-83E1-9F4969C0778A}.Release|Any CPU.Build.0 = Release|Any CPU
		{CF6FF455-379E-48CC-B5CE-0828A0556407}.Debug|Any CPU.ActiveCfg = Debug|Any CPU
		{CF6FF455-379E-48CC-B5CE-0828A0556407}.Debug|Any CPU.Build.0 = Debug|Any CPU
		{CF6FF455-379E-48CC-B5CE-0828A0556407}.Release|Any CPU.ActiveCfg = Release|Any CPU
		{CF6FF455-379E-48CC-B5CE-0828A0556407}.Release|Any CPU.Build.0 = Release|Any CPU
		{97FE1F65-71C7-4C86-8AD3-36AF9CE83109}.Debug|Any CPU.ActiveCfg = Debug|Any CPU
		{97FE1F65-71C7-4C86-8AD3-36AF9CE83109}.Debug|Any CPU.Build.0 = Debug|Any CPU
		{97FE1F65-71C7-4C86-8AD3-36AF9CE83109}.Release|Any CPU.ActiveCfg = Release|Any CPU
		{97FE1F65-71C7-4C86-8AD3-36AF9CE83109}.Release|Any CPU.Build.0 = Release|Any CPU
	EndGlobalSection
	GlobalSection(SolutionProperties) = preSolution
		HideSolutionNode = FALSE
	EndGlobalSection
	GlobalSection(ExtensibilityGlobals) = postSolution
		SolutionGuid = {287553C8-B16F-4663-B04E-A0AEC32EC817}
	EndGlobalSection
EndGlobal
