
Microsoft Visual Studio Solution File, Format Version 12.00
# Visual Studio 15
VisualStudioVersion = 15.0.26730.3
MinimumVisualStudioVersion = 10.0.40219.1
Project("{9A19103F-16F7-4668-BE54-9A1E7A4F7556}") = "Reggie.Blog", "Reggie.Blog.csproj", "{21BEF067-105A-4DC6-BA67-CE4AC4A2DB8F}"
EndProject
Global
	GlobalSection(SolutionConfigurationPlatforms) = preSolution
		Debug|Any CPU = Debug|Any CPU
		Release|Any CPU = Release|Any CPU
	EndGlobalSection
	GlobalSection(ProjectConfigurationPlatforms) = postSolution
		{21BEF067-105A-4DC6-BA67-CE4AC4A2DB8F}.Debug|Any CPU.ActiveCfg = Debug|Any CPU
		{21BEF067-105A-4DC6-BA67-CE4AC4A2DB8F}.Debug|Any CPU.Build.0 = Debug|Any CPU
		{21BEF067-105A-4DC6-BA67-CE4AC4A2DB8F}.Release|Any CPU.ActiveCfg = Release|Any CPU
		{21BEF067-105A-4DC6-BA67-CE4AC4A2DB8F}.Release|Any CPU.Build.0 = Release|Any CPU
	EndGlobalSection
	GlobalSection(SolutionProperties) = preSolution
		HideSolutionNode = FALSE
	EndGlobalSection
	GlobalSection(ExtensibilityGlobals) = postSolution
		SolutionGuid = {2456E9B7-C056-451C-B344-2F415CE6E36A}
	EndGlobalSection
EndGlobal
