
Microsoft Visual Studio Solution File, Format Version 12.00
# Visual Studio 15
VisualStudioVersion = 15.0.26730.3
MinimumVisualStudioVersion = 10.0.40219.1
Project("{FAE04EC0-301F-11D3-BF4B-00C04F79EFBC}") = "DemoApp", "DemoApp\DemoApp.csproj", "{A4180761-DBFA-4108-9B3E-65A2B608FAE0}"
EndProject
Project("{FAE04EC0-301F-11D3-BF4B-00C04F79EFBC}") = "Reggie.WPF.CommonComponents", "..\Reggie.WPF.CommonComponents\Reggie.WPF.CommonComponents.csproj", "{C7000D0A-DBF7-42EC-9A9D-F8131926269C}"
EndProject
Project("{FAE04EC0-301F-11D3-BF4B-00C04F79EFBC}") = "Reggie.WPF.Utilities", "..\Reggie.WPF.Utilities\Reggie.WPF.Utilities.csproj", "{F88041C1-9178-4913-9CC9-2217FED52387}"
EndProject
Project("{FAE04EC0-301F-11D3-BF4B-00C04F79EFBC}") = "Reggie.WPF.CommonComponents.NET40", "..\Reggie.WPF.CommonComponents\Reggie.WPF.CommonComponents.NET40.csproj", "{AB5FB3F5-3958-4B3B-9A99-4BEE949955CB}"
EndProject
Project("{FAE04EC0-301F-11D3-BF4B-00C04F79EFBC}") = "Reggie.WPF.Utilities.NET40", "..\Reggie.WPF.Utilities\Reggie.WPF.Utilities.NET40.csproj", "{4B4998EA-9858-41AE-9823-3E407CCDD428}"
EndProject
Global
	GlobalSection(SolutionConfigurationPlatforms) = preSolution
		Debug|Any CPU = Debug|Any CPU
		Debug|x64 = Debug|x64
		Debug|x86 = Debug|x86
		Release|Any CPU = Release|Any CPU
		Release|x64 = Release|x64
		Release|x86 = Release|x86
	EndGlobalSection
	GlobalSection(ProjectConfigurationPlatforms) = postSolution
		{A4180761-DBFA-4108-9B3E-65A2B608FAE0}.Debug|Any CPU.ActiveCfg = Debug|Any CPU
		{A4180761-DBFA-4108-9B3E-65A2B608FAE0}.Debug|Any CPU.Build.0 = Debug|Any CPU
		{A4180761-DBFA-4108-9B3E-65A2B608FAE0}.Debug|x64.ActiveCfg = Debug|Any CPU
		{A4180761-DBFA-4108-9B3E-65A2B608FAE0}.Debug|x64.Build.0 = Debug|Any CPU
		{A4180761-DBFA-4108-9B3E-65A2B608FAE0}.Debug|x86.ActiveCfg = Debug|Any CPU
		{A4180761-DBFA-4108-9B3E-65A2B608FAE0}.Debug|x86.Build.0 = Debug|Any CPU
		{A4180761-DBFA-4108-9B3E-65A2B608FAE0}.Release|Any CPU.ActiveCfg = Release|Any CPU
		{A4180761-DBFA-4108-9B3E-65A2B608FAE0}.Release|Any CPU.Build.0 = Release|Any CPU
		{A4180761-DBFA-4108-9B3E-65A2B608FAE0}.Release|x64.ActiveCfg = Release|Any CPU
		{A4180761-DBFA-4108-9B3E-65A2B608FAE0}.Release|x64.Build.0 = Release|Any CPU
		{A4180761-DBFA-4108-9B3E-65A2B608FAE0}.Release|x86.ActiveCfg = Release|Any CPU
		{A4180761-DBFA-4108-9B3E-65A2B608FAE0}.Release|x86.Build.0 = Release|Any CPU
		{C7000D0A-DBF7-42EC-9A9D-F8131926269C}.Debug|Any CPU.ActiveCfg = Debug|Any CPU
		{C7000D0A-DBF7-42EC-9A9D-F8131926269C}.Debug|Any CPU.Build.0 = Debug|Any CPU
		{C7000D0A-DBF7-42EC-9A9D-F8131926269C}.Debug|x64.ActiveCfg = Debug|x64
		{C7000D0A-DBF7-42EC-9A9D-F8131926269C}.Debug|x64.Build.0 = Debug|x64
		{C7000D0A-DBF7-42EC-9A9D-F8131926269C}.Debug|x86.ActiveCfg = Debug|Any CPU
		{C7000D0A-DBF7-42EC-9A9D-F8131926269C}.Debug|x86.Build.0 = Debug|Any CPU
		{C7000D0A-DBF7-42EC-9A9D-F8131926269C}.Release|Any CPU.ActiveCfg = Release|Any CPU
		{C7000D0A-DBF7-42EC-9A9D-F8131926269C}.Release|Any CPU.Build.0 = Release|Any CPU
		{C7000D0A-DBF7-42EC-9A9D-F8131926269C}.Release|x64.ActiveCfg = Release|x64
		{C7000D0A-DBF7-42EC-9A9D-F8131926269C}.Release|x64.Build.0 = Release|x64
		{C7000D0A-DBF7-42EC-9A9D-F8131926269C}.Release|x86.ActiveCfg = Release|Any CPU
		{C7000D0A-DBF7-42EC-9A9D-F8131926269C}.Release|x86.Build.0 = Release|Any CPU
		{F88041C1-9178-4913-9CC9-2217FED52387}.Debug|Any CPU.ActiveCfg = Debug|Any CPU
		{F88041C1-9178-4913-9CC9-2217FED52387}.Debug|Any CPU.Build.0 = Debug|Any CPU
		{F88041C1-9178-4913-9CC9-2217FED52387}.Debug|x64.ActiveCfg = Debug|x64
		{F88041C1-9178-4913-9CC9-2217FED52387}.Debug|x64.Build.0 = Debug|x64
		{F88041C1-9178-4913-9CC9-2217FED52387}.Debug|x86.ActiveCfg = Debug|x86
		{F88041C1-9178-4913-9CC9-2217FED52387}.Debug|x86.Build.0 = Debug|x86
		{F88041C1-9178-4913-9CC9-2217FED52387}.Release|Any CPU.ActiveCfg = Release|Any CPU
		{F88041C1-9178-4913-9CC9-2217FED52387}.Release|Any CPU.Build.0 = Release|Any CPU
		{F88041C1-9178-4913-9CC9-2217FED52387}.Release|x64.ActiveCfg = Release|x64
		{F88041C1-9178-4913-9CC9-2217FED52387}.Release|x64.Build.0 = Release|x64
		{F88041C1-9178-4913-9CC9-2217FED52387}.Release|x86.ActiveCfg = Release|x86
		{F88041C1-9178-4913-9CC9-2217FED52387}.Release|x86.Build.0 = Release|x86
		{AB5FB3F5-3958-4B3B-9A99-4BEE949955CB}.Debug|Any CPU.ActiveCfg = Debug|Any CPU
		{AB5FB3F5-3958-4B3B-9A99-4BEE949955CB}.Debug|Any CPU.Build.0 = Debug|Any CPU
		{AB5FB3F5-3958-4B3B-9A99-4BEE949955CB}.Debug|x64.ActiveCfg = Debug|x64
		{AB5FB3F5-3958-4B3B-9A99-4BEE949955CB}.Debug|x64.Build.0 = Debug|x64
		{AB5FB3F5-3958-4B3B-9A99-4BEE949955CB}.Debug|x86.ActiveCfg = Debug|Any CPU
		{AB5FB3F5-3958-4B3B-9A99-4BEE949955CB}.Debug|x86.Build.0 = Debug|Any CPU
		{AB5FB3F5-3958-4B3B-9A99-4BEE949955CB}.Release|Any CPU.ActiveCfg = Release|Any CPU
		{AB5FB3F5-3958-4B3B-9A99-4BEE949955CB}.Release|Any CPU.Build.0 = Release|Any CPU
		{AB5FB3F5-3958-4B3B-9A99-4BEE949955CB}.Release|x64.ActiveCfg = Release|x64
		{AB5FB3F5-3958-4B3B-9A99-4BEE949955CB}.Release|x64.Build.0 = Release|x64
		{AB5FB3F5-3958-4B3B-9A99-4BEE949955CB}.Release|x86.ActiveCfg = Release|Any CPU
		{AB5FB3F5-3958-4B3B-9A99-4BEE949955CB}.Release|x86.Build.0 = Release|Any CPU
		{4B4998EA-9858-41AE-9823-3E407CCDD428}.Debug|Any CPU.ActiveCfg = Debug|Any CPU
		{4B4998EA-9858-41AE-9823-3E407CCDD428}.Debug|Any CPU.Build.0 = Debug|Any CPU
		{4B4998EA-9858-41AE-9823-3E407CCDD428}.Debug|x64.ActiveCfg = Debug|x64
		{4B4998EA-9858-41AE-9823-3E407CCDD428}.Debug|x64.Build.0 = Debug|x64
		{4B4998EA-9858-41AE-9823-3E407CCDD428}.Debug|x86.ActiveCfg = Debug|x86
		{4B4998EA-9858-41AE-9823-3E407CCDD428}.Debug|x86.Build.0 = Debug|x86
		{4B4998EA-9858-41AE-9823-3E407CCDD428}.Release|Any CPU.ActiveCfg = Release|Any CPU
		{4B4998EA-9858-41AE-9823-3E407CCDD428}.Release|Any CPU.Build.0 = Release|Any CPU
		{4B4998EA-9858-41AE-9823-3E407CCDD428}.Release|x64.ActiveCfg = Release|x64
		{4B4998EA-9858-41AE-9823-3E407CCDD428}.Release|x64.Build.0 = Release|x64
		{4B4998EA-9858-41AE-9823-3E407CCDD428}.Release|x86.ActiveCfg = Release|x86
		{4B4998EA-9858-41AE-9823-3E407CCDD428}.Release|x86.Build.0 = Release|x86
	EndGlobalSection
	GlobalSection(SolutionProperties) = preSolution
		HideSolutionNode = FALSE
	EndGlobalSection
	GlobalSection(ExtensibilityGlobals) = postSolution
		SolutionGuid = {E23A382E-75A8-47E5-81E2-30E57C71CCAF}
	EndGlobalSection
EndGlobal
